{
  "lockfileVersion": 1,
  "dependencies": {
    "accepts": {
      "version": "1.3.4",
      "resolved": "http://registry.npm.taobao.org/accepts/download/accepts-1.3.4.tgz",
      "integrity": "sha1-hiRnWMfdbSGmR0/whKR0DsBesh8="
    },
    "after": {
      "version": "0.8.1",
      "resolved": "http://registry.npm.taobao.org/after/download/after-0.8.1.tgz",
      "integrity": "sha1-q11PuIP1loFtNRX495HAr0ht1ic="
    },
    "any-promise": {
      "version": "1.3.0",
      "resolved": "http://registry.npm.taobao.org/any-promise/download/any-promise-1.3.0.tgz",
      "integrity": "sha1-q8av7tzqUugJzcA3au0845Y10X8="
    },
    "arraybuffer.slice": {
      "version": "0.0.6",
      "resolved": "http://registry.npm.taobao.org/arraybuffer.slice/download/arraybuffer.slice-0.0.6.tgz",
      "integrity": "sha1-8zshWfBTKj8xB6JywMz70a0peco="
    },
    "asap": {
      "version": "2.0.6",
      "resolved": "http://registry.npm.taobao.org/asap/download/asap-2.0.6.tgz",
      "integrity": "sha1-5QNHYR1+aQlDIIu9r+vLwvuGbUY="
    },
    "async-limiter": {
      "version": "1.0.0",
      "resolved": "http://registry.npm.taobao.org/async-limiter/download/async-limiter-1.0.0.tgz",
      "integrity": "sha1-ePrtjD0HSrgfIrTphdeehzj3IPg="
    },
    "backo2": {
      "version": "1.0.2",
      "resolved": "http://registry.npm.taobao.org/backo2/download/backo2-1.0.2.tgz",
      "integrity": "sha1-MasayLEpNjRj41s+u2n038+6eUc="
    },
    "base16": {
      "version": "1.0.0",
      "resolved": "http://registry.npm.taobao.org/base16/download/base16-1.0.0.tgz",
      "integrity": "sha1-4pf2DX7BAUp6lxo568ipjAtoHnA="
    },
    "base64-arraybuffer": {
      "version": "0.1.2",
      "resolved": "http://registry.npm.taobao.org/base64-arraybuffer/download/base64-arraybuffer-0.1.2.tgz",
      "integrity": "sha1-R030qfLaJOBd8xWMOx2zw81GoVQ="
    },
    "base64id": {
      "version": "0.1.0",
      "resolved": "http://registry.npm.taobao.org/base64id/download/base64id-0.1.0.tgz",
      "integrity": "sha1-As4P3u4M709ACA4ec+g08LG/zj8="
    },
    "benchmark": {
      "version": "1.0.0",
      "resolved": "http://registry.npm.taobao.org/benchmark/download/benchmark-1.0.0.tgz",
      "integrity": "sha1-Lx4vpMNZ8REiqhgwgiGOlX45DHM="
    },
    "better-assert": {
      "version": "1.0.2",
      "resolved": "http://registry.npm.taobao.org/better-assert/download/better-assert-1.0.2.tgz",
      "integrity": "sha1-QIZrnhueC1W0gYlDEeaPr/rrxSI="
    },
    "blob": {
      "version": "0.0.4",
      "resolved": "http://registry.npm.taobao.org/blob/download/blob-0.0.4.tgz",
      "integrity": "sha1-vPEwUspURj8w+fx+lbmkdjCpSSE="
    },
    "boardgame.io": {
      "version": "0.11.4",
      "resolved": "http://registry.npm.taobao.org/boardgame.io/download/boardgame.io-0.11.4.tgz",
      "integrity": "sha1-2pJXf5IHgKDe7GvNdMB9/pvq6nU="
    },
    "callsite": {
      "version": "1.0.0",
      "resolved": "http://registry.npm.taobao.org/callsite/download/callsite-1.0.0.tgz",
      "integrity": "sha1-KAOY5dZkvXQDi28JBRU+borxvCA="
    },
    "co": {
      "version": "4.6.0",
      "resolved": "http://registry.npm.taobao.org/co/download/co-4.6.0.tgz",
      "integrity": "sha1-bqa989hTrlTMuOR7+gvz+QMfsYQ="
    },
    "component-bind": {
      "version": "1.0.0",
      "resolved": "http://registry.npm.taobao.org/component-bind/download/component-bind-1.0.0.tgz",
      "integrity": "sha1-AMYIq33Nk4l8AAllGx06jh5zu9E="
    },
    "component-emitter": {
      "version": "1.1.2",
      "resolved": "http://registry.npm.taobao.org/component-emitter/download/component-emitter-1.1.2.tgz",
      "integrity": "sha1-KWWU8nU9qmOZbSrwjRWpURbJrsM="
    },
    "component-inherit": {
      "version": "0.0.3",
      "resolved": "http://registry.npm.taobao.org/component-inherit/download/component-inherit-0.0.3.tgz",
      "integrity": "sha1-ZF/ErfWLcrZJ1crmUTVhnbJv8UM="
    },
    "content-disposition": {
      "version": "0.5.2",
      "resolved": "http://registry.npm.taobao.org/content-disposition/download/content-disposition-0.5.2.tgz",
      "integrity": "sha1-DPaLud318r55YcOoUXjLhdunjLQ="
    },
    "content-type": {
      "version": "1.0.4",
      "resolved": "http://registry.npm.taobao.org/content-type/download/content-type-1.0.4.tgz",
      "integrity": "sha1-4TjMdeBAxyexlm/l5fjJruJW/js="
    },
    "cookie": {
      "version": "0.3.1",
      "resolved": "http://registry.npm.taobao.org/cookie/download/cookie-0.3.1.tgz",
      "integrity": "sha1-5+Ch+e9DtMi6klxcWpboBtFoc7s="
    },
    "cookies": {
      "version": "0.7.1",
      "resolved": "http://registry.npm.taobao.org/cookies/download/cookies-0.7.1.tgz",
      "integrity": "sha1-fIphX1SBxhq58WyDNzG8uPZjuZs="
    },
    "core-js": {
      "version": "1.2.7",
      "resolved": "http://registry.npm.taobao.org/core-js/download/core-js-1.2.7.tgz",
      "integrity": "sha1-ZSKUwUZR2yj6k70tX/KYOk8IxjY="
    },
    "debug": {
      "version": "3.1.0",
      "resolved": "http://registry.npm.taobao.org/debug/download/debug-3.1.0.tgz",
      "integrity": "sha1-W7WgZyYotkFJVmuhaBnmFRjGcmE="
    },
    "deep-equal": {
      "version": "1.0.1",
      "resolved": "http://registry.npm.taobao.org/deep-equal/download/deep-equal-1.0.1.tgz",
      "integrity": "sha1-9dJgKStmDghO/0zbyfCK0yR0SLU="
    },
    "delegates": {
      "version": "1.0.0",
      "resolved": "http://registry.npm.taobao.org/delegates/download/delegates-1.0.0.tgz",
      "integrity": "sha1-hMbhWbgZBP3KWaDvRM2HDTElD5o="
    },
    "depd": {
      "version": "1.1.1",
      "resolved": "http://registry.npm.taobao.org/depd/download/depd-1.1.1.tgz",
      "integrity": "sha1-V4O04cRZ8G+lyif5kfPQbnoxA1k="
    },
    "destroy": {
      "version": "1.0.4",
      "resolved": "http://registry.npm.taobao.org/destroy/download/destroy-1.0.4.tgz",
      "integrity": "sha1-l4hXRCxEdJ5CBmE+N5RiBYJqvYA="
    },
    "ee-first": {
      "version": "1.1.1",
      "resolved": "http://registry.npm.taobao.org/ee-first/download/ee-first-1.1.1.tgz",
      "integrity": "sha1-WQxhFWsK4vTwJVcyoViyZrxWsh0="
    },
    "encoding": {
      "version": "0.1.12",
      "resolved": "http://registry.npm.taobao.org/encoding/download/encoding-0.1.12.tgz",
      "integrity": "sha1-U4tm8+5izRq1HsMjgp0flIDHS+s="
    },
    "engine.io": {
      "version": "1.6.8",
      "resolved": "http://registry.npm.taobao.org/engine.io/download/engine.io-1.6.8.tgz",
      "integrity": "sha1-3gWga3V+dRdpXgiMewUcR4GfURs=",
      "dependencies": {
        "accepts": {
          "version": "1.1.4",
          "resolved": "http://registry.npm.taobao.org/accepts/download/accepts-1.1.4.tgz",
          "integrity": "sha1-1xyW99QdD+2iw4zRToonwEFY30o="
        },
        "debug": {
          "version": "2.2.0",
          "resolved": "http://registry.npm.taobao.org/debug/download/debug-2.2.0.tgz",
          "integrity": "sha1-+HBX6ZWxofauaklgZkE3vFbwOdo="
        },
        "mime-db": {
          "version": "1.12.0",
          "resolved": "http://registry.npm.taobao.org/mime-db/download/mime-db-1.12.0.tgz",
          "integrity": "sha1-PQxjGA9FjrENMlqqN9fFiuMS6dc="
        },
        "mime-types": {
          "version": "2.0.14",
          "resolved": "http://registry.npm.taobao.org/mime-types/download/mime-types-2.0.14.tgz",
          "integrity": "sha1-MQ4VnbI+B3+Lsit0jav6SVcUCqY="
        },
        "ms": {
          "version": "0.7.1",
          "resolved": "http://registry.npm.taobao.org/ms/download/ms-0.7.1.tgz",
          "integrity": "sha1-nNE8A62/8ltl7/3nzoZO6VIBcJg="
        },
        "negotiator": {
          "version": "0.4.9",
          "resolved": "http://registry.npm.taobao.org/negotiator/download/negotiator-0.4.9.tgz",
          "integrity": "sha1-kuRrbbU8fkIe1koryU8IvnYw3z8="
        }
      }
    },
    "engine.io-client": {
      "version": "1.6.8",
      "resolved": "http://registry.npm.taobao.org/engine.io-client/download/engine.io-client-1.6.8.tgz",
      "integrity": "sha1-bi2xFki0XkBcRrFy6j49rDfMDOs=",
      "dependencies": {
        "debug": {
          "version": "2.2.0",
          "resolved": "http://registry.npm.taobao.org/debug/download/debug-2.2.0.tgz",
          "integrity": "sha1-+HBX6ZWxofauaklgZkE3vFbwOdo="
        },
        "ms": {
          "version": "0.7.1",
          "resolved": "http://registry.npm.taobao.org/ms/download/ms-0.7.1.tgz",
          "integrity": "sha1-nNE8A62/8ltl7/3nzoZO6VIBcJg="
        }
      }
    },
    "engine.io-parser": {
      "version": "1.2.4",
      "resolved": "http://registry.npm.taobao.org/engine.io-parser/download/engine.io-parser-1.2.4.tgz",
      "integrity": "sha1-4Il7C/FOeS1M0qWVBVORnFaUjEI=",
      "dependencies": {
        "has-binary": {
          "version": "0.1.6",
          "resolved": "http://registry.npm.taobao.org/has-binary/download/has-binary-0.1.6.tgz",
          "integrity": "sha1-JTJvOc+k9hath4eJTjryz7x7bhA="
        }
      }
    },
    "error-inject": {
      "version": "1.0.0",
      "resolved": "http://registry.npm.taobao.org/error-inject/download/error-inject-1.0.0.tgz",
      "integrity": "sha1-4rPZG1Su1nLzCdlQ0VSFD6EdTzc="
    },
    "escape-html": {
      "version": "1.0.3",
      "resolved": "http://registry.npm.taobao.org/escape-html/download/escape-html-1.0.3.tgz",
      "integrity": "sha1-Aljq5NPQwJdN4cFpGI7wBR0dGYg="
    },
    "fbemitter": {
      "version": "2.1.1",
      "resolved": "http://registry.npm.taobao.org/fbemitter/download/fbemitter-2.1.1.tgz",
      "integrity": "sha1-Uj4U/a9SSIBbsC9i78M75wP1GGU="
    },
    "fbjs": {
      "version": "0.8.16",
      "resolved": "http://registry.npm.taobao.org/fbjs/download/fbjs-0.8.16.tgz",
      "integrity": "sha1-XmdDL1UNxBtXK/VYR7ispk5TN9s="
    },
    "flux": {
      "version": "3.1.3",
      "resolved": "http://registry.npm.taobao.org/flux/download/flux-3.1.3.tgz",
      "integrity": "sha1-0jvtUVp5oi2TOrU6tK2hnQWy8Io="
    },
    "fresh": {
      "version": "0.5.2",
      "resolved": "http://registry.npm.taobao.org/fresh/download/fresh-0.5.2.tgz",
      "integrity": "sha1-PYyt2Q2XZWn6g1qx+OSyOhBWBac="
    },
    "has-binary": {
      "version": "0.1.7",
      "resolved": "http://registry.npm.taobao.org/has-binary/download/has-binary-0.1.7.tgz",
      "integrity": "sha1-aOYesWIQyVRaClzOBqhzkS/h5ow="
    },
    "has-binary2": {
      "version": "1.0.2",
      "resolved": "http://registry.npm.taobao.org/has-binary2/download/has-binary2-1.0.2.tgz",
      "integrity": "sha1-6D26SfC5vk0CbSc2U1DZ8D9Uvpg=",
      "dependencies": {
        "isarray": {
          "version": "2.0.1",
          "resolved": "http://registry.npm.taobao.org/isarray/download/isarray-2.0.1.tgz",
          "integrity": "sha1-o32U7ZzaLVmGXJ92/llu4fM4dB4="
        }
      }
    },
    "has-cors": {
      "version": "1.1.0",
      "resolved": "http://registry.npm.taobao.org/has-cors/download/has-cors-1.1.0.tgz",
      "integrity": "sha1-XkdHk/fqmEPRu5nCPu9J/xJv/zk="
    },
    "hoist-non-react-statics": {
      "version": "2.3.1",
      "resolved": "http://registry.npm.taobao.org/hoist-non-react-statics/download/hoist-non-react-statics-2.3.1.tgz",
      "integrity": "sha1-ND24TGAYxlB3iJgkATWhQg7iLOA="
    },
    "http-assert": {
      "version": "1.3.0",
      "resolved": "http://registry.npm.taobao.org/http-assert/download/http-assert-1.3.0.tgz",
      "integrity": "sha1-oxpc+IyHPsu1eWkH1NbxMujAHko="
    },
    "http-errors": {
      "version": "1.6.2",
      "resolved": "http://registry.npm.taobao.org/http-errors/download/http-errors-1.6.2.tgz",
      "integrity": "sha1-CgAsyFcHGSp+eUbO7cERVfYOxzY="
    },
    "iconv-lite": {
      "version": "0.4.19",
      "resolved": "http://registry.npm.taobao.org/iconv-lite/download/iconv-lite-0.4.19.tgz",
      "integrity": "sha1-90aPYBNfXl2tM5nAqBvpoWA6CCs="
    },
    "indexof": {
      "version": "0.0.1",
      "resolved": "http://registry.npm.taobao.org/indexof/download/indexof-0.0.1.tgz",
      "integrity": "sha1-gtwzbSMrkGIXnQWrMpOmYFn9Q10="
    },
    "inherits": {
      "version": "2.0.3",
      "resolved": "http://registry.npm.taobao.org/inherits/download/inherits-2.0.3.tgz",
      "integrity": "sha1-Yzwsg+PaQqUC9SRmAiSA9CCCYd4="
    },
    "invariant": {
      "version": "2.2.2",
      "resolved": "http://registry.npm.taobao.org/invariant/download/invariant-2.2.2.tgz",
      "integrity": "sha1-nh9WrArNtr8wMwbzOL47IErmA2A="
    },
    "is-generator-function": {
      "version": "1.0.6",
      "resolved": "http://registry.npm.taobao.org/is-generator-function/download/is-generator-function-1.0.6.tgz",
      "integrity": "sha1-nnFlPNFf/zQcecQVFGChMdMen8Q="
    },
    "is-stream": {
      "version": "1.1.0",
      "resolved": "http://registry.npm.taobao.org/is-stream/download/is-stream-1.1.0.tgz",
      "integrity": "sha1-EtSj3U5o4Lec6428hBc66A2RykQ="
    },
    "isarray": {
      "version": "0.0.1",
      "resolved": "http://registry.npm.taobao.org/isarray/download/isarray-0.0.1.tgz",
      "integrity": "sha1-ihis/Kmo9Bd+Cav8YDiTmwXR7t8="
    },
    "isomorphic-fetch": {
      "version": "2.2.1",
      "resolved": "http://registry.npm.taobao.org/isomorphic-fetch/download/isomorphic-fetch-2.2.1.tgz",
      "integrity": "sha1-YRrhrPFPXoH3KVB0coGf6XM1WKk="
    },
    "js-tokens": {
      "version": "3.0.2",
      "resolved": "http://registry.npm.taobao.org/js-tokens/download/js-tokens-3.0.2.tgz",
      "integrity": "sha1-mGbfOVECEw449/mWvOtlRDIJwls="
    },
    "json3": {
      "version": "3.2.6",
      "resolved": "http://registry.npm.taobao.org/json3/download/json3-3.2.6.tgz",
      "integrity": "sha1-9u/JPAagTemuxTBT3yVZuxniA4s="
    },
    "keygrip": {
      "version": "1.0.2",
      "resolved": "http://registry.npm.taobao.org/keygrip/download/keygrip-1.0.2.tgz",
      "integrity": "sha1-rTKXxVcGneqLz+ek+kkbdcXd65E="
    },
    "koa": {
      "version": "2.4.1",
      "resolved": "http://registry.npm.taobao.org/koa/download/koa-2.4.1.tgz",
      "integrity": "sha1-1EnPuXCn6dpXH2me2kC7njLrFIQ="
    },
    "koa-compose": {
      "version": "4.0.0",
      "resolved": "http://registry.npm.taobao.org/koa-compose/download/koa-compose-4.0.0.tgz",
      "integrity": "sha1-KAClE9nDYe8NY4UrA45Pby1adzw="
    },
    "koa-convert": {
      "version": "1.2.0",
      "resolved": "http://registry.npm.taobao.org/koa-convert/download/koa-convert-1.2.0.tgz",
      "integrity": "sha1-2kCHXfSd4FOQmNFwC1CCDOvNIdA=",
      "dependencies": {
        "koa-compose": {
          "version": "3.2.1",
          "resolved": "http://registry.npm.taobao.org/koa-compose/download/koa-compose-3.2.1.tgz",
          "integrity": "sha1-qFzLQLfZhtjlo0Wzoazo6rz1Tec="
        }
      }
    },
    "koa-is-json": {
      "version": "1.0.0",
      "resolved": "http://registry.npm.taobao.org/koa-is-json/download/koa-is-json-1.0.0.tgz",
      "integrity": "sha1-JzwH7c3Ljfaiwat9We52SRRR7BQ="
    },
    "koa-router": {
      "version": "7.3.0",
      "resolved": "http://registry.npm.taobao.org/koa-router/download/koa-router-7.3.0.tgz",
      "integrity": "sha1-JB8ESaxc0QcYMamj2AtSH6+2uqE=",
      "dependencies": {
        "koa-compose": {
          "version": "3.2.1",
          "resolved": "http://registry.npm.taobao.org/koa-compose/download/koa-compose-3.2.1.tgz",
          "integrity": "sha1-qFzLQLfZhtjlo0Wzoazo6rz1Tec="
        }
      }
    },
    "koa-send": {
      "version": "4.1.2",
      "resolved": "http://registry.npm.taobao.org/koa-send/download/koa-send-4.1.2.tgz",
      "integrity": "sha1-koYdGExNhFilT5LmcI4JsU1kERw=",
      "dependencies": {
        "debug": {
          "version": "2.6.9",
          "resolved": "http://registry.npm.taobao.org/debug/download/debug-2.6.9.tgz",
          "integrity": "sha1-XRKFFd8TT/Mn6QpMk/Tgd6U2NB8="
        }
      }
    },
    "koa-socket": {
      "version": "4.4.0",
      "resolved": "http://registry.npm.taobao.org/koa-socket/download/koa-socket-4.4.0.tgz",
      "integrity": "sha1-5lGgA5gNltlvzjlVEW37xWNmUJc=",
      "dependencies": {
        "debug": {
          "version": "2.2.0",
          "resolved": "http://registry.npm.taobao.org/debug/download/debug-2.2.0.tgz",
          "integrity": "sha1-+HBX6ZWxofauaklgZkE3vFbwOdo="
        },
        "koa-compose": {
          "version": "3.1.0",
          "resolved": "http://registry.npm.taobao.org/koa-compose/download/koa-compose-3.1.0.tgz",
          "integrity": "sha1-9uMvG4lT98h7l/wQwgj+0zTadvQ="
        },
        "ms": {
          "version": "0.7.1",
          "resolved": "http://registry.npm.taobao.org/ms/download/ms-0.7.1.tgz",
          "integrity": "sha1-nNE8A62/8ltl7/3nzoZO6VIBcJg="
        },
        "socket.io": {
          "version": "1.4.5",
          "resolved": "http://registry.npm.taobao.org/socket.io/download/socket.io-1.4.5.tgz",
          "integrity": "sha1-8gL0nuuc989sCXGtddjZbUUepPc="
        }
      }
    },
    "koa-static": {
      "version": "4.0.2",
      "resolved": "http://registry.npm.taobao.org/koa-static/download/koa-static-4.0.2.tgz",
      "integrity": "sha1-bNqS2I13Hcqtnw2CXNlKYxyGGho=",
      "dependencies": {
        "debug": {
          "version": "2.6.9",
          "resolved": "http://registry.npm.taobao.org/debug/download/debug-2.6.9.tgz",
          "integrity": "sha1-XRKFFd8TT/Mn6QpMk/Tgd6U2NB8="
        }
      }
    },
    "lodash": {
      "version": "4.17.4",
      "resolved": "http://registry.npm.taobao.org/lodash/download/lodash-4.17.4.tgz",
      "integrity": "sha1-eCA6TRwyiuHYbcpkYONptX9AVa4="
    },
    "lodash-es": {
      "version": "4.17.4",
      "resolved": "http://registry.npm.taobao.org/lodash-es/download/lodash-es-4.17.4.tgz",
      "integrity": "sha1-3MHXVS4VCgZABzupyzHXDwMpUOc="
    },
    "lodash.curry": {
      "version": "4.1.1",
      "resolved": "http://registry.npm.taobao.org/lodash.curry/download/lodash.curry-4.1.1.tgz",
      "integrity": "sha1-JI42By7ekGUB11lmIAqG2riyMXA="
    },
    "lodash.flow": {
      "version": "3.5.0",
      "resolved": "http://registry.npm.taobao.org/lodash.flow/download/lodash.flow-3.5.0.tgz",
      "integrity": "sha1-h79AKSuM+D5OjOGjrkIJ4gBxZ1o="
    },
    "loose-envify": {
      "version": "1.3.1",
      "resolved": "http://registry.npm.taobao.org/loose-envify/download/loose-envify-1.3.1.tgz",
      "integrity": "sha1-0aitM/qc4OcT1l/dCsi3SNR4yEg="
    },
    "media-typer": {
      "version": "0.3.0",
      "resolved": "http://registry.npm.taobao.org/media-typer/download/media-typer-0.3.0.tgz",
      "integrity": "sha1-hxDXrwqmJvj/+hzgAWhUUmMlV0g="
    },
    "methods": {
      "version": "1.1.2",
      "resolved": "http://registry.npm.taobao.org/methods/download/methods-1.1.2.tgz",
      "integrity": "sha1-VSmk1nZUE07cxSZmVoNbD4Ua/O4="
    },
    "mime-db": {
      "version": "1.30.0",
      "resolved": "http://registry.npm.taobao.org/mime-db/download/mime-db-1.30.0.tgz",
      "integrity": "sha1-dMZD2i3Z1qRTmZY0ZbJtXKfXHwE="
    },
    "mime-types": {
      "version": "2.1.17",
      "resolved": "http://registry.npm.taobao.org/mime-types/download/mime-types-2.1.17.tgz",
      "integrity": "sha1-Cdejk/A+mVp5+K+Fe3Cp4KsWVXo="
    },
    "mousetrap": {
      "version": "1.6.1",
      "resolved": "http://registry.npm.taobao.org/mousetrap/download/mousetrap-1.6.1.tgz",
      "integrity": "sha1-KghfXHUSlMdefoH27CVFspy/Qtk="
    },
    "ms": {
      "version": "2.0.0",
      "resolved": "http://registry.npm.taobao.org/ms/download/ms-2.0.0.tgz",
      "integrity": "sha1-VgiurfwAvmwpAd9fmGF4jeDVl8g="
    },
    "mz": {
      "version": "2.7.0",
      "resolved": "http://registry.npm.taobao.org/mz/download/mz-2.7.0.tgz",
      "integrity": "sha1-lQCAV6Vsr63CvGPd5/n/aVWUjjI="
    },
    "negotiator": {
      "version": "0.6.1",
      "resolved": "http://registry.npm.taobao.org/negotiator/download/negotiator-0.6.1.tgz",
      "integrity": "sha1-KzJxhOiZIQEXeyhWP7XnECrNDKk="
    },
    "node-fetch": {
      "version": "1.7.3",
      "resolved": "http://registry.npm.taobao.org/node-fetch/download/node-fetch-1.7.3.tgz",
      "integrity": "sha1-mA9vcthSEaU0fGsrwYxbhMPrR+8="
    },
    "object-assign": {
      "version": "4.1.1",
      "resolved": "http://registry.npm.taobao.org/object-assign/download/object-assign-4.1.1.tgz",
      "integrity": "sha1-IQmtx5ZYh8/AXLvUQsrIv7s2CGM="
    },
    "object-component": {
      "version": "0.0.3",
      "resolved": "http://registry.npm.taobao.org/object-component/download/object-component-0.0.3.tgz",
      "integrity": "sha1-8MaapQ78lbhmwYb0AKM3acsvEpE="
    },
    "on-finished": {
      "version": "2.3.0",
      "resolved": "http://registry.npm.taobao.org/on-finished/download/on-finished-2.3.0.tgz",
      "integrity": "sha1-IPEzZIGwg811M3mSoWlxqi2QaUc="
    },
    "only": {
      "version": "0.0.2",
      "resolved": "http://registry.npm.taobao.org/only/download/only-0.0.2.tgz",
      "integrity": "sha1-Kv3oTQPlC5qO3EROMGEKcCle37Q="
    },
    "options": {
      "version": "0.0.6",
      "resolved": "http://registry.npm.taobao.org/options/download/options-0.0.6.tgz",
      "integrity": "sha1-7CLTEoBrtT5zF3Pnza788cZDEo8="
    },
    "parsejson": {
      "version": "0.0.1",
      "resolved": "http://registry.npm.taobao.org/parsejson/download/parsejson-0.0.1.tgz",
      "integrity": "sha1-mxDGwNglq1ieaFFTgm3go7oni8w="
    },
    "parseqs": {
      "version": "0.0.2",
      "resolved": "http://registry.npm.taobao.org/parseqs/download/parseqs-0.0.2.tgz",
      "integrity": "sha1-nf5wss3aw4i95PNbHyQPpYrb5sc="
    },
    "parseuri": {
      "version": "0.0.4",
      "resolved": "http://registry.npm.taobao.org/parseuri/download/parseuri-0.0.4.tgz",
      "integrity": "sha1-gGWCo5iH4eoY3V4v4OAZAiaOk1A="
    },
    "parseurl": {
      "version": "1.3.2",
      "resolved": "http://registry.npm.taobao.org/parseurl/download/parseurl-1.3.2.tgz",
      "integrity": "sha1-/CidTtiZMRlGDBViUyYs3I3mW/M="
    },
    "path-is-absolute": {
      "version": "1.0.1",
      "resolved": "http://registry.npm.taobao.org/path-is-absolute/download/path-is-absolute-1.0.1.tgz",
      "integrity": "sha1-F0uSaHNVNP+8es5r9TpanhtcX18="
    },
    "path-to-regexp": {
      "version": "1.7.0",
      "resolved": "http://registry.npm.taobao.org/path-to-regexp/download/path-to-regexp-1.7.0.tgz",
      "integrity": "sha1-Wf3g9DW62suhA6hOnTvGTpa5k30="
    },
    "promise": {
      "version": "7.3.1",
      "resolved": "http://registry.npm.taobao.org/promise/download/promise-7.3.1.tgz",
      "integrity": "sha1-BktyYCsY+Q8pGSuLG8QY/9Hr078="
    },
    "prop-types": {
      "version": "15.6.0",
      "resolved": "http://registry.npm.taobao.org/prop-types/download/prop-types-15.6.0.tgz",
      "integrity": "sha1-zq8IMCL8RrSjX2nhPvda7Q1jmFY="
    },
    "pure-color": {
      "version": "1.3.0",
      "resolved": "http://registry.npm.taobao.org/pure-color/download/pure-color-1.3.0.tgz",
      "integrity": "sha1-H+Bk+wrIUfDeYTIKi/eWg2Qi8z4="
    },
    "react-base16-styling": {
      "version": "0.5.3",
      "resolved": "http://registry.npm.taobao.org/react-base16-styling/download/react-base16-styling-0.5.3.tgz",
      "integrity": "sha1-OFjyTpxN2MvT9wLz901YHKKRcmk="
    },
    "react-json-view": {
      "version": "1.14.0",
      "resolved": "http://registry.npm.taobao.org/react-json-view/download/react-json-view-1.14.0.tgz",
      "integrity": "sha1-xLK1DJmlsoySbpvWcLCWo5DNwp8="
    },
    "react-redux": {
      "version": "5.0.6",
      "resolved": "http://registry.npm.taobao.org/react-redux/download/react-redux-5.0.6.tgz",
      "integrity": "sha1-I+06T5hjWdaLUhLqqmgeYNZXSUY="
    },
    "react-textarea-autosize": {
      "version": "5.2.1",
      "resolved": "http://registry.npm.taobao.org/react-textarea-autosize/download/react-textarea-autosize-5.2.1.tgz",
      "integrity": "sha1-K3j5BnGA9BsIrFn3jxWBq63WHlQ="
    },
    "redux": {
      "version": "3.7.2",
      "resolved": "http://registry.npm.taobao.org/redux/download/redux-3.7.2.tgz",
      "integrity": "sha1-BrcxIyFZAdJdBlvjQusCa8HIU3s="
    },
    "resolve-path": {
      "version": "1.3.3",
      "resolved": "http://registry.npm.taobao.org/resolve-path/download/resolve-path-1.3.3.tgz",
      "integrity": "sha1-TYOrpkaMK45jKldeP1Kw+g2+Glw=",
      "dependencies": {
        "http-errors": {
          "version": "1.5.1",
          "resolved": "http://registry.npm.taobao.org/http-errors/download/http-errors-1.5.1.tgz",
          "integrity": "sha1-eIwNLB3iyBuebowBhDtrl+uSB1A="
        },
        "setprototypeof": {
          "version": "1.0.2",
          "resolved": "http://registry.npm.taobao.org/setprototypeof/download/setprototypeof-1.0.2.tgz",
          "integrity": "sha1-gaVSFB7BBLiOic44MQOtXGZWTQg="
        }
      }
    },
    "safe-buffer": {
      "version": "5.1.1",
      "resolved": "http://registry.npm.taobao.org/safe-buffer/download/safe-buffer-5.1.1.tgz",
      "integrity": "sha1-iTMSr2myEj3vcfV4iQAWce6yyFM="
    },
    "setimmediate": {
      "version": "1.0.5",
      "resolved": "http://registry.npm.taobao.org/setimmediate/download/setimmediate-1.0.5.tgz",
      "integrity": "sha1-KQy7Iy4waULX1+qbg3Mqt4VvgoU="
    },
    "setprototypeof": {
      "version": "1.0.3",
      "resolved": "http://registry.npm.taobao.org/setprototypeof/download/setprototypeof-1.0.3.tgz",
      "integrity": "sha1-ZlZ+NwQ+608E2RvWWMDL77VbjgQ="
    },
    "socket.io": {
      "version": "2.0.4",
      "resolved": "http://registry.npm.taobao.org/socket.io/download/socket.io-2.0.4.tgz",
      "integrity": "sha1-waRZDO/4fs8TxyZS8Eb3FrKeYBQ=",
      "dependencies": {
        "accepts": {
          "version": "1.3.3",
          "resolved": "http://registry.npm.taobao.org/accepts/download/accepts-1.3.3.tgz",
          "integrity": "sha1-w8p0NJOGSMPg2cHjKN1otiLChMo="
        },
        "after": {
          "version": "0.8.2",
          "resolved": "http://registry.npm.taobao.org/after/download/after-0.8.2.tgz",
          "integrity": "sha1-/ts5T58OAqqXaOcCvaI7UF+ufh8="
        },
        "base64-arraybuffer": {
          "version": "0.1.5",
          "resolved": "http://registry.npm.taobao.org/base64-arraybuffer/download/base64-arraybuffer-0.1.5.tgz",
          "integrity": "sha1-c5JncZI7Whl0etZmqlzUv5xunOg="
        },
        "base64id": {
          "version": "1.0.0",
          "resolved": "http://registry.npm.taobao.org/base64id/download/base64id-1.0.0.tgz",
          "integrity": "sha1-R2iMuZu2gE8OBtPnY7HDLlfY5rY="
        },
        "component-emitter": {
          "version": "1.2.1",
          "resolved": "http://registry.npm.taobao.org/component-emitter/download/component-emitter-1.2.1.tgz",
          "integrity": "sha1-E3kY1teCg/ffemt8WmPhQOaUJeY="
        },
        "debug": {
          "version": "2.6.9",
          "resolved": "http://registry.npm.taobao.org/debug/download/debug-2.6.9.tgz",
          "integrity": "sha1-XRKFFd8TT/Mn6QpMk/Tgd6U2NB8="
        },
        "engine.io": {
          "version": "3.1.4",
          "resolved": "http://registry.npm.taobao.org/engine.io/download/engine.io-3.1.4.tgz",
          "integrity": "sha1-PQIRtwpVLOhB/8fahiezAamkFi4="
        },
        "engine.io-client": {
          "version": "3.1.4",
          "resolved": "http://registry.npm.taobao.org/engine.io-client/download/engine.io-client-3.1.4.tgz",
          "integrity": "sha1-T88TcLRxY70s6b4nM5ckMDUNTqE="
        },
        "engine.io-parser": {
          "version": "2.1.1",
          "resolved": "http://registry.npm.taobao.org/engine.io-parser/download/engine.io-parser-2.1.1.tgz",
          "integrity": "sha1-4Ps/DgRi9/WLt3waUun1p+JuRmg="
        },
        "isarray": {
          "version": "2.0.1",
          "resolved": "http://registry.npm.taobao.org/isarray/download/isarray-2.0.1.tgz",
          "integrity": "sha1-o32U7ZzaLVmGXJ92/llu4fM4dB4="
        },
        "parseqs": {
          "version": "0.0.5",
          "resolved": "http://registry.npm.taobao.org/parseqs/download/parseqs-0.0.5.tgz",
          "integrity": "sha1-1SCKNzjkZ2bikbouoXNoSSGouJ0="
        },
        "parseuri": {
          "version": "0.0.5",
          "resolved": "http://registry.npm.taobao.org/parseuri/download/parseuri-0.0.5.tgz",
          "integrity": "sha1-gCBKUNTbt3m/3G6+J3jZDkvOMgo="
        },
        "socket.io-adapter": {
          "version": "1.1.1",
          "resolved": "http://registry.npm.taobao.org/socket.io-adapter/download/socket.io-adapter-1.1.1.tgz",
          "integrity": "sha1-KoBeihTWNyEk3ZFZrUUC+MsH8Gs="
        },
        "socket.io-client": {
          "version": "2.0.4",
          "resolved": "http://registry.npm.taobao.org/socket.io-client/download/socket.io-client-2.0.4.tgz",
          "integrity": "sha1-CRilUkBtxeVAs4Dc2Xr8SmQzL44="
        },
        "socket.io-parser": {
          "version": "3.1.2",
          "resolved": "http://registry.npm.taobao.org/socket.io-parser/download/socket.io-parser-3.1.2.tgz",
          "integrity": "sha1-28IoIVH8T6675Aru3Ady66YZ9/I="
        },
        "ultron": {
          "version": "1.1.1",
          "resolved": "http://registry.npm.taobao.org/ultron/download/ultron-1.1.1.tgz",
          "integrity": "sha1-n+FTahCmZKZSZqHjzPhf02MCvJw="
        },
        "ws": {
          "version": "3.3.3",
          "resolved": "http://registry.npm.taobao.org/ws/download/ws-3.3.3.tgz",
          "integrity": "sha1-8c+E/i1ekB686U767OeF8YeiKPI="
        },
        "xmlhttprequest-ssl": {
          "version": "1.5.4",
          "resolved": "http://registry.npm.taobao.org/xmlhttprequest-ssl/download/xmlhttprequest-ssl-1.5.4.tgz",
          "integrity": "sha1-BPVgkVcks4kIhxXMDteBPpZ3v1c="
        }
      }
    },
    "socket.io-adapter": {
      "version": "0.4.0",
      "resolved": "http://registry.npm.taobao.org/socket.io-adapter/download/socket.io-adapter-0.4.0.tgz",
      "integrity": "sha1-+5+CqxqmUpC/csNleVW5MKmRok8=",
      "dependencies": {
        "debug": {
          "version": "2.2.0",
          "resolved": "http://registry.npm.taobao.org/debug/download/debug-2.2.0.tgz",
          "integrity": "sha1-+HBX6ZWxofauaklgZkE3vFbwOdo="
        },
        "ms": {
          "version": "0.7.1",
          "resolved": "http://registry.npm.taobao.org/ms/download/ms-0.7.1.tgz",
          "integrity": "sha1-nNE8A62/8ltl7/3nzoZO6VIBcJg="
        },
        "socket.io-parser": {
          "version": "2.2.2",
          "resolved": "http://registry.npm.taobao.org/socket.io-parser/download/socket.io-parser-2.2.2.tgz",
          "integrity": "sha1-PXr2tkSX6Va32f53X5mXFgJ/lBc=",
          "dependencies": {
            "debug": {
              "version": "0.7.4",
              "resolved": "http://registry.npm.taobao.org/debug/download/debug-0.7.4.tgz",
              "integrity": "sha1-BuHqgILCyxTjmAbiLi9vdX+Srzk="
            }
          }
        }
      }
    },
    "socket.io-client": {
      "version": "1.4.5",
      "resolved": "http://registry.npm.taobao.org/socket.io-client/download/socket.io-client-1.4.5.tgz",
      "integrity": "sha1-QA1jDDHnyVeeRRc/l35PW9jcfS4=",
      "dependencies": {
        "component-emitter": {
          "version": "1.2.0",
          "resolved": "http://registry.npm.taobao.org/component-emitter/download/component-emitter-1.2.0.tgz",
          "integrity": "sha1-zNETqGOI0GSC0D3j/H35hSa6jv4="
        },
        "debug": {
          "version": "2.2.0",
          "resolved": "http://registry.npm.taobao.org/debug/download/debug-2.2.0.tgz",
          "integrity": "sha1-+HBX6ZWxofauaklgZkE3vFbwOdo="
        },
        "ms": {
          "version": "0.7.1",
          "resolved": "http://registry.npm.taobao.org/ms/download/ms-0.7.1.tgz",
          "integrity": "sha1-nNE8A62/8ltl7/3nzoZO6VIBcJg="
        }
      }
    },
    "socket.io-parser": {
      "version": "2.2.6",
      "resolved": "http://registry.npm.taobao.org/socket.io-parser/download/socket.io-parser-2.2.6.tgz",
      "integrity": "sha1-ON/WHfUNz4qx2eIJEyK/kCuii5k=",
      "dependencies": {
        "debug": {
          "version": "2.2.0",
          "resolved": "http://registry.npm.taobao.org/debug/download/debug-2.2.0.tgz",
          "integrity": "sha1-+HBX6ZWxofauaklgZkE3vFbwOdo="
        },
        "json3": {
          "version": "3.3.2",
          "resolved": "http://registry.npm.taobao.org/json3/download/json3-3.3.2.tgz",
          "integrity": "sha1-PAQ0dD35Pi9cQq7nsZvLSDV19OE="
        },
        "ms": {
          "version": "0.7.1",
          "resolved": "http://registry.npm.taobao.org/ms/download/ms-0.7.1.tgz",
          "integrity": "sha1-nNE8A62/8ltl7/3nzoZO6VIBcJg="
        }
      }
    },
    "statuses": {
      "version": "1.4.0",
      "resolved": "http://registry.npm.taobao.org/statuses/download/statuses-1.4.0.tgz",
      "integrity": "sha1-u3PURtonlhBu/MG2AaJT1sRr0Ic="
    },
    "symbol-observable": {
      "version": "1.1.0",
      "resolved": "http://registry.npm.taobao.org/symbol-observable/download/symbol-observable-1.1.0.tgz",
      "integrity": "sha1-XGj9jVQRXZ37cqhHIFSSIujbmzI="
    },
    "thenify": {
      "version": "3.3.0",
      "resolved": "http://registry.npm.taobao.org/thenify/download/thenify-3.3.0.tgz",
      "integrity": "sha1-5p44obq+lpsBCCB5eLn2K4hgSDk="
    },
    "thenify-all": {
      "version": "1.6.0",
      "resolved": "http://registry.npm.taobao.org/thenify-all/download/thenify-all-1.6.0.tgz",
      "integrity": "sha1-GhkY1ALY/D+Y+/I02wvMjMEOlyY="
    },
    "to-array": {
      "version": "0.1.4",
      "resolved": "http://registry.npm.taobao.org/to-array/download/to-array-0.1.4.tgz",
      "integrity": "sha1-F+bBH3PdTz10zaek/zI46a2b+JA="
    },
    "type-is": {
      "version": "1.6.15",
      "resolved": "http://registry.npm.taobao.org/type-is/download/type-is-1.6.15.tgz",
      "integrity": "sha1-yrEPtJCeRByChC6v4a1kbIGARBA="
    },
    "ua-parser-js": {
      "version": "0.7.17",
      "resolved": "http://registry.npm.taobao.org/ua-parser-js/download/ua-parser-js-0.7.17.tgz",
      "integrity": "sha1-6exflJi57JEOeuOsYmqAXE0J7Kw="
    },
    "ultron": {
      "version": "1.0.2",
      "resolved": "http://registry.npm.taobao.org/ultron/download/ultron-1.0.2.tgz",
      "integrity": "sha1-rOEWq1V80Zc4ak6I9GhTeMiy5Po="
    },
    "urijs": {
      "version": "1.19.0",
      "resolved": "http://registry.npm.taobao.org/urijs/download/urijs-1.19.0.tgz",
      "integrity": "sha1-2KooTQ50aXA6aYitBFxMv98IraA="
    },
    "utf8": {
      "version": "2.1.0",
      "resolved": "http://registry.npm.taobao.org/utf8/download/utf8-2.1.0.tgz",
      "integrity": "sha1-DP7FyAUtRKI+OqqQgQToB1+V39U="
    },
    "uws": {
      "version": "0.14.5",
      "resolved": "http://registry.npm.taobao.org/uws/download/uws-0.14.5.tgz",
      "integrity": "sha1-Z6rzPEaypYel9mZtAPdpEyjxSdw="
    },
    "vary": {
      "version": "1.1.2",
      "resolved": "http://registry.npm.taobao.org/vary/download/vary-1.1.2.tgz",
      "integrity": "sha1-IpnwLG3tMNSllhsLn3RSShj2NPw="
    },
    "whatwg-fetch": {
      "version": "2.0.3",
      "resolved": "http://registry.npm.taobao.org/whatwg-fetch/download/whatwg-fetch-2.0.3.tgz",
      "integrity": "sha1-nITsLc9oGH/wC8ZOEnS0QhduHIQ="
    },
    "ws": {
      "version": "1.0.1",
      "resolved": "http://registry.npm.taobao.org/ws/download/ws-1.0.1.tgz",
      "integrity": "sha1-fQsqLljN3YGQOcKcneZQReGzEOk="
    },
    "xmlhttprequest-ssl": {
      "version": "1.5.1",
      "resolved": "http://registry.npm.taobao.org/xmlhttprequest-ssl/download/xmlhttprequest-ssl-1.5.1.tgz",
      "integrity": "sha1-O3dB/qSoZnWXbpCNKW1ERZYfqmc="
    },
    "yeast": {
      "version": "0.1.2",
      "resolved": "http://registry.npm.taobao.org/yeast/download/yeast-0.1.2.tgz",
      "integrity": "sha1-AI4G2AlDIMNy28L47XagymyKxBk="
    }
  }
}
